<Solution>
  <Project Path="01-Jump start/01-Jump start.csproj" />
  <Project Path="02-EF-Core DbContext/02-EF-Core DbContext.csproj" Id="1be2f576-aaa1-43f9-8dab-e4254c71f9f0" />
  <Project Path="03-EF-Core Configuration/03-EF-Core Configuration.csproj" Id="256a61ef-5732-4ecb-a632-a6effa657acc" />
</Solution>
